// !$*UTF8*$!
{
	archiveVersion = 1;
	classes = {
	};
	objectVersion = 46;
	objects = {

/* Begin PBXBuildFile section */
		D27FA9D91C77E2FB00E4BB38 /* AppDelegate.swift in Sources */ = {isa = PBXBuildFile; fileRef = D27FA9D81C77E2FB00E4BB38 /* AppDelegate.swift */; };
		D27FA9DB1C77E2FB00E4BB38 /* ViewController.swift in Sources */ = {isa = PBXBuildFile; fileRef = D27FA9DA1C77E2FB00E4BB38 /* ViewController.swift */; };
		D27FA9DE1C77E2FB00E4BB38 /* Main.storyboard in Resources */ = {isa = PBXBuildFile; fileRef = D27FA9DC1C77E2FB00E4BB38 /* Main.storyboard */; };
		D27FA9E01C77E2FB00E4BB38 /* Assets.xcassets in Resources */ = {isa = PBXBuildFile; fileRef = D27FA9DF1C77E2FB00E4BB38 /* Assets.xcassets */; };
		D27FA9E31C77E2FB00E4BB38 /* LaunchScreen.storyboard in Resources */ = {isa = PBXBuildFile; fileRef = D27FA9E11C77E2FB00E4BB38 /* LaunchScreen.storyboard */; };
		D27FA9EE1C77E2FB00E4BB38 /* To_Do_ListTests.swift in Sources */ = {isa = PBXBuildFile; fileRef = D27FA9ED1C77E2FB00E4BB38 /* To_Do_ListTests.swift */; };
		D27FA9F91C77E2FB00E4BB38 /* To_Do_ListUITests.swift in Sources */ = {isa = PBXBuildFile; fileRef = D27FA9F81C77E2FB00E4BB38 /* To_Do_ListUITests.swift */; };
		D27FAA071C77ED0200E4BB38 /* ToDoListTableViewController.swift in Sources */ = {isa = PBXBuildFile; fileRef = D27FAA061C77ED0200E4BB38 /* ToDoListTableViewController.swift */; };
		D27FAA0D1C77F0F800E4BB38 /* TaskDetailsTableViewController.swift in Sources */ = {isa = PBXBuildFile; fileRef = D27FAA0C1C77F0F800E4BB38 /* TaskDetailsTableViewController.swift */; };
		D27FAA0F1C77F4C400E4BB38 /* Task.swift in Sources */ = {isa = PBXBuildFile; fileRef = D27FAA0E1C77F4C400E4BB38 /* Task.swift */; };
		D27FAA131C7E7FEE00E4BB38 /* TaskCell.swift in Sources */ = {isa = PBXBuildFile; fileRef = D27FAA121C7E7FEE00E4BB38 /* TaskCell.swift */; };
		D27FAA171C86876300E4BB38 /* DailyStatsViewController.swift in Sources */ = {isa = PBXBuildFile; fileRef = D27FAA161C86876300E4BB38 /* DailyStatsViewController.swift */; };
/* End PBXBuildFile section */

/* Begin PBXContainerItemProxy section */
		D27FA9EA1C77E2FB00E4BB38 /* PBXContainerItemProxy */ = {
			isa = PBXContainerItemProxy;
			containerPortal = D27FA9CD1C77E2FA00E4BB38 /* Project object */;
			proxyType = 1;
			remoteGlobalIDString = D27FA9D41C77E2FA00E4BB38;
			remoteInfo = "To-Do-List";
		};
		D27FA9F51C77E2FB00E4BB38 /* PBXContainerItemProxy */ = {
			isa = PBXContainerItemProxy;
			containerPortal = D27FA9CD1C77E2FA00E4BB38 /* Project object */;
			proxyType = 1;
			remoteGlobalIDString = D27FA9D41C77E2FA00E4BB38;
			remoteInfo = "To-Do-List";
		};
/* End PBXContainerItemProxy section */

/* Begin PBXFileReference section */
		D27FA9D51C77E2FB00E4BB38 /* To-Do-List.app */ = {isa = PBXFileReference; explicitFileType = wrapper.application; includeInIndex = 0; path = "To-Do-List.app"; sourceTree = BUILT_PRODUCTS_DIR; };
		D27FA9D81C77E2FB00E4BB38 /* AppDelegate.swift */ = {isa = PBXFileReference; lastKnownFileType = sourcecode.swift; path = AppDelegate.swift; sourceTree = "<group>"; };
		D27FA9DA1C77E2FB00E4BB38 /* ViewController.swift */ = {isa = PBXFileReference; lastKnownFileType = sourcecode.swift; path = ViewController.swift; sourceTree = "<group>"; };
		D27FA9DD1C77E2FB00E4BB38 /* Base */ = {isa = PBXFileReference; lastKnownFileType = file.storyboard; name = Base; path = Base.lproj/Main.storyboard; sourceTree = "<group>"; };
		D27FA9DF1C77E2FB00E4BB38 /* Assets.xcassets */ = {isa = PBXFileReference; lastKnownFileType = folder.assetcatalog; path = Assets.xcassets; sourceTree = "<group>"; };
		D27FA9E21C77E2FB00E4BB38 /* Base */ = {isa = PBXFileReference; lastKnownFileType = file.storyboard; name = Base; path = Base.lproj/LaunchScreen.storyboard; sourceTree = "<group>"; };
		D27FA9E41C77E2FB00E4BB38 /* Info.plist */ = {isa = PBXFileReference; lastKnownFileType = text.plist.xml; path = Info.plist; sourceTree = "<group>"; };
		D27FA9E91C77E2FB00E4BB38 /* To-Do-ListTests.xctest */ = {isa = PBXFileReference; explicitFileType = wrapper.cfbundle; includeInIndex = 0; path = "To-Do-ListTests.xctest"; sourceTree = BUILT_PRODUCTS_DIR; };
		D27FA9ED1C77E2FB00E4BB38 /* To_Do_ListTests.swift */ = {isa = PBXFileReference; lastKnownFileType = sourcecode.swift; path = To_Do_ListTests.swift; sourceTree = "<group>"; };
		D27FA9EF1C77E2FB00E4BB38 /* Info.plist */ = {isa = PBXFileReference; lastKnownFileType = text.plist.xml; path = Info.plist; sourceTree = "<group>"; };
		D27FA9F41C77E2FB00E4BB38 /* To-Do-ListUITests.xctest */ = {isa = PBXFileReference; explicitFileType = wrapper.cfbundle; includeInIndex = 0; path = "To-Do-ListUITests.xctest"; sourceTree = BUILT_PRODUCTS_DIR; };
		D27FA9F81C77E2FB00E4BB38 /* To_Do_ListUITests.swift */ = {isa = PBXFileReference; lastKnownFileType = sourcecode.swift; path = To_Do_ListUITests.swift; sourceTree = "<group>"; };
		D27FA9FA1C77E2FB00E4BB38 /* Info.plist */ = {isa = PBXFileReference; lastKnownFileType = text.plist.xml; path = Info.plist; sourceTree = "<group>"; };
		D27FAA061C77ED0200E4BB38 /* ToDoListTableViewController.swift */ = {isa = PBXFileReference; fileEncoding = 4; lastKnownFileType = sourcecode.swift; path = ToDoListTableViewController.swift; sourceTree = "<group>"; };
		D27FAA0C1C77F0F800E4BB38 /* TaskDetailsTableViewController.swift */ = {isa = PBXFileReference; fileEncoding = 4; lastKnownFileType = sourcecode.swift; path = TaskDetailsTableViewController.swift; sourceTree = "<group>"; };
		D27FAA0E1C77F4C400E4BB38 /* Task.swift */ = {isa = PBXFileReference; fileEncoding = 4; lastKnownFileType = sourcecode.swift; path = Task.swift; sourceTree = "<group>"; };
		D27FAA121C7E7FEE00E4BB38 /* TaskCell.swift */ = {isa = PBXFileReference; fileEncoding = 4; lastKnownFileType = sourcecode.swift; path = TaskCell.swift; sourceTree = "<group>"; };
		D27FAA161C86876300E4BB38 /* DailyStatsViewController.swift */ = {isa = PBXFileReference; fileEncoding = 4; lastKnownFileType = sourcecode.swift; path = DailyStatsViewController.swift; sourceTree = "<group>"; };
/* End PBXFileReference section */

/* Begin PBXFrameworksBuildPhase section */
		D27FA9D21C77E2FA00E4BB38 /* Frameworks */ = {
			isa = PBXFrameworksBuildPhase;
			buildActionMask = 2147483647;
			files = (
			);
			runOnlyForDeploymentPostprocessing = 0;
		};
		D27FA9E61C77E2FB00E4BB38 /* Frameworks */ = {
			isa = PBXFrameworksBuildPhase;
			buildActionMask = 2147483647;
			files = (
			);
			runOnlyForDeploymentPostprocessing = 0;
		};
		D27FA9F11C77E2FB00E4BB38 /* Frameworks */ = {
			isa = PBXFrameworksBuildPhase;
			buildActionMask = 2147483647;
			files = (
			);
			runOnlyForDeploymentPostprocessing = 0;
		};
/* End PBXFrameworksBuildPhase section */

/* Begin PBXGroup section */
		D27FA9CC1C77E2FA00E4BB38 = {
			isa = PBXGroup;
			children = (
				D27FA9D71C77E2FB00E4BB38 /* To-Do-List */,
				D27FA9EC1C77E2FB00E4BB38 /* To-Do-ListTests */,
				D27FA9F71C77E2FB00E4BB38 /* To-Do-ListUITests */,
				D27FA9D61C77E2FB00E4BB38 /* Products */,
			);
			sourceTree = "<group>";
		};
		D27FA9D61C77E2FB00E4BB38 /* Products */ = {
			isa = PBXGroup;
			children = (
				D27FA9D51C77E2FB00E4BB38 /* To-Do-List.app */,
				D27FA9E91C77E2FB00E4BB38 /* To-Do-ListTests.xctest */,
				D27FA9F41C77E2FB00E4BB38 /* To-Do-ListUITests.xctest */,
			);
			name = Products;
			sourceTree = "<group>";
		};
		D27FA9D71C77E2FB00E4BB38 /* To-Do-List */ = {
			isa = PBXGroup;
			children = (
				D27FA9D81C77E2FB00E4BB38 /* AppDelegate.swift */,
				D27FAA061C77ED0200E4BB38 /* ToDoListTableViewController.swift */,
				D27FAA161C86876300E4BB38 /* DailyStatsViewController.swift */,
				D27FAA0C1C77F0F800E4BB38 /* TaskDetailsTableViewController.swift */,
				D27FAA0E1C77F4C400E4BB38 /* Task.swift */,
				D27FAA121C7E7FEE00E4BB38 /* TaskCell.swift */,
				D27FA9DA1C77E2FB00E4BB38 /* ViewController.swift */,
				D27FA9DC1C77E2FB00E4BB38 /* Main.storyboard */,
				D27FA9DF1C77E2FB00E4BB38 /* Assets.xcassets */,
				D27FA9E11C77E2FB00E4BB38 /* LaunchScreen.storyboard */,
				D27FA9E41C77E2FB00E4BB38 /* Info.plist */,
			);
			path = "To-Do-List";
			sourceTree = "<group>";
		};
		D27FA9EC1C77E2FB00E4BB38 /* To-Do-ListTests */ = {
			isa = PBXGroup;
			children = (
				D27FA9ED1C77E2FB00E4BB38 /* To_Do_ListTests.swift */,
				D27FA9EF1C77E2FB00E4BB38 /* Info.plist */,
			);
			path = "To-Do-ListTests";
			sourceTree = "<group>";
		};
		D27FA9F71C77E2FB00E4BB38 /* To-Do-ListUITests */ = {
			isa = PBXGroup;
			children = (
				D27FA9F81C77E2FB00E4BB38 /* To_Do_ListUITests.swift */,
				D27FA9FA1C77E2FB00E4BB38 /* Info.plist */,
			);
			path = "To-Do-ListUITests";
			sourceTree = "<group>";
		};
/* End PBXGroup section */

/* Begin PBXNativeTarget section */
		D27FA9D41C77E2FA00E4BB38 /* To-Do-List */ = {
			isa = PBXNativeTarget;
			buildConfigurationList = D27FA9FD1C77E2FB00E4BB38 /* Build configuration list for PBXNativeTarget "To-Do-List" */;
			buildPhases = (
				D27FA9D11C77E2FA00E4BB38 /* Sources */,
				D27FA9D21C77E2FA00E4BB38 /* Frameworks */,
				D27FA9D31C77E2FA00E4BB38 /* Resources */,
			);
			buildRules = (
			);
			dependencies = (
			);
			name = "To-Do-List";
			productName = "To-Do-List";
			productReference = D27FA9D51C77E2FB00E4BB38 /* To-Do-List.app */;
			productType = "com.apple.product-type.application";
		};
		D27FA9E81C77E2FB00E4BB38 /* To-Do-ListTests */ = {
			isa = PBXNativeTarget;
			buildConfigurationList = D27FAA001C77E2FB00E4BB38 /* Build configuration list for PBXNativeTarget "To-Do-ListTests" */;
			buildPhases = (
				D27FA9E51C77E2FB00E4BB38 /* Sources */,
				D27FA9E61C77E2FB00E4BB38 /* Frameworks */,
				D27FA9E71C77E2FB00E4BB38 /* Resources */,
			);
			buildRules = (
			);
			dependencies = (
				D27FA9EB1C77E2FB00E4BB38 /* PBXTargetDependency */,
			);
			name = "To-Do-ListTests";
			productName = "To-Do-ListTests";
			productReference = D27FA9E91C77E2FB00E4BB38 /* To-Do-ListTests.xctest */;
			productType = "com.apple.product-type.bundle.unit-test";
		};
		D27FA9F31C77E2FB00E4BB38 /* To-Do-ListUITests */ = {
			isa = PBXNativeTarget;
			buildConfigurationList = D27FAA031C77E2FB00E4BB38 /* Build configuration list for PBXNativeTarget "To-Do-ListUITests" */;
			buildPhases = (
				D27FA9F01C77E2FB00E4BB38 /* Sources */,
				D27FA9F11C77E2FB00E4BB38 /* Frameworks */,
				D27FA9F21C77E2FB00E4BB38 /* Resources */,
			);
			buildRules = (
			);
			dependencies = (
				D27FA9F61C77E2FB00E4BB38 /* PBXTargetDependency */,
			);
			name = "To-Do-ListUITests";
			productName = "To-Do-ListUITests";
			productReference = D27FA9F41C77E2FB00E4BB38 /* To-Do-ListUITests.xctest */;
			productType = "com.apple.product-type.bundle.ui-testing";
		};
/* End PBXNativeTarget section */

/* Begin PBXProject section */
		D27FA9CD1C77E2FA00E4BB38 /* Project object */ = {
			isa = PBXProject;
			attributes = {
				LastSwiftUpdateCheck = 0720;
				LastUpgradeCheck = 0720;
				ORGANIZATIONNAME = "Jeffrey Liu";
				TargetAttributes = {
					D27FA9D41C77E2FA00E4BB38 = {
						CreatedOnToolsVersion = 7.2;
						DevelopmentTeam = GJTZVK4D77;
					};
					D27FA9E81C77E2FB00E4BB38 = {
						CreatedOnToolsVersion = 7.2;
						DevelopmentTeam = GJTZVK4D77;
						TestTargetID = D27FA9D41C77E2FA00E4BB38;
					};
					D27FA9F31C77E2FB00E4BB38 = {
						CreatedOnToolsVersion = 7.2;
						DevelopmentTeam = GJTZVK4D77;
						TestTargetID = D27FA9D41C77E2FA00E4BB38;
					};
				};
			};
			buildConfigurationList = D27FA9D01C77E2FA00E4BB38 /* Build configuration list for PBXProject "To-Do-List" */;
			compatibilityVersion = "Xcode 3.2";
			developmentRegion = English;
			hasScannedForEncodings = 0;
			knownRegions = (
				en,
				Base,
			);
			mainGroup = D27FA9CC1C77E2FA00E4BB38;
			productRefGroup = D27FA9D61C77E2FB00E4BB38 /* Products */;
			projectDirPath = "";
			projectRoot = "";
			targets = (
				D27FA9D41C77E2FA00E4BB38 /* To-Do-List */,
				D27FA9E81C77E2FB00E4BB38 /* To-Do-ListTests */,
				D27FA9F31C77E2FB00E4BB38 /* To-Do-ListUITests */,
			);
		};
/* End PBXProject section */

/* Begin PBXResourcesBuildPhase section */
		D27FA9D31C77E2FA00E4BB38 /* Resources */ = {
			isa = PBXResourcesBuildPhase;
			buildActionMask = 2147483647;
			files = (
				D27FA9E31C77E2FB00E4BB38 /* LaunchScreen.storyboard in Resources */,
				D27FA9E01C77E2FB00E4BB38 /* Assets.xcassets in Resources */,
				D27FA9DE1C77E2FB00E4BB38 /* Main.storyboard in Resources */,
			);
			runOnlyForDeploymentPostprocessing = 0;
		};
		D27FA9E71C77E2FB00E4BB38 /* Resources */ = {
			isa = PBXResourcesBuildPhase;
			buildActionMask = 2147483647;
			files = (
			);
			runOnlyForDeploymentPostprocessing = 0;
		};
		D27FA9F21C77E2FB00E4BB38 /* Resources */ = {
			isa = PBXResourcesBuildPhase;
			buildActionMask = 2147483647;
			files = (
			);
			runOnlyForDeploymentPostprocessing = 0;
		};
/* End PBXResourcesBuildPhase section */

/* Begin PBXSourcesBuildPhase section */
		D27FA9D11C77E2FA00E4BB38 /* Sources */ = {
			isa = PBXSourcesBuildPhase;
			buildActionMask = 2147483647;
			files = (
				D27FA9DB1C77E2FB00E4BB38 /* ViewController.swift in Sources */,
				D27FAA131C7E7FEE00E4BB38 /* TaskCell.swift in Sources */,
				D27FAA171C86876300E4BB38 /* DailyStatsViewController.swift in Sources */,
				D27FA9D91C77E2FB00E4BB38 /* AppDelegate.swift in Sources */,
				D27FAA0F1C77F4C400E4BB38 /* Task.swift in Sources */,
				D27FAA071C77ED0200E4BB38 /* ToDoListTableViewController.swift in Sources */,
				D27FAA0D1C77F0F800E4BB38 /* TaskDetailsTableViewController.swift in Sources */,
			);
			runOnlyForDeploymentPostprocessing = 0;
		};
		D27FA9E51C77E2FB00E4BB38 /* Sources */ = {
			isa = PBXSourcesBuildPhase;
			buildActionMask = 2147483647;
			files = (
				D27FA9EE1C77E2FB00E4BB38 /* To_Do_ListTests.swift in Sources */,
			);
			runOnlyForDeploymentPostprocessing = 0;
		};
		D27FA9F01C77E2FB00E4BB38 /* Sources */ = {
			isa = PBXSourcesBuildPhase;
			buildActionMask = 2147483647;
			files = (
				D27FA9F91C77E2FB00E4BB38 /* To_Do_ListUITests.swift in Sources */,
			);
			runOnlyForDeploymentPostprocessing = 0;
		};
/* End PBXSourcesBuildPhase section */

/* Begin PBXTargetDependency section */
		D27FA9EB1C77E2FB00E4BB38 /* PBXTargetDependency */ = {
			isa = PBXTargetDependency;
			target = D27FA9D41C77E2FA00E4BB38 /* To-Do-List */;
			targetProxy = D27FA9EA1C77E2FB00E4BB38 /* PBXContainerItemProxy */;
		};
		D27FA9F61C77E2FB00E4BB38 /* PBXTargetDependency */ = {
			isa = PBXTargetDependency;
			target = D27FA9D41C77E2FA00E4BB38 /* To-Do-List */;
			targetProxy = D27FA9F51C77E2FB00E4BB38 /* PBXContainerItemProxy */;
		};
/* End PBXTargetDependency section */

/* Begin PBXVariantGroup section */
		D27FA9DC1C77E2FB00E4BB38 /* Main.storyboard */ = {
			isa = PBXVariantGroup;
			children = (
				D27FA9DD1C77E2FB00E4BB38 /* Base */,
			);
			name = Main.storyboard;
			sourceTree = "<group>";
		};
		D27FA9E11C77E2FB00E4BB38 /* LaunchScreen.storyboard */ = {
			isa = PBXVariantGroup;
			children = (
				D27FA9E21C77E2FB00E4BB38 /* Base */,
			);
			name = LaunchScreen.storyboard;
			sourceTree = "<group>";
		};
/* End PBXVariantGroup section */

/* Begin XCBuildConfiguration section */
		D27FA9FB1C77E2FB00E4BB38 /* Debug */ = {
			isa = XCBuildConfiguration;
			buildSettings = {
				ALWAYS_SEARCH_USER_PATHS = NO;
				CLANG_CXX_LANGUAGE_STANDARD = "gnu++0x";
				CLANG_CXX_LIBRARY = "libc++";
				CLANG_ENABLE_MODULES = YES;
				CLANG_ENABLE_OBJC_ARC = YES;
				CLANG_WARN_BOOL_CONVERSION = YES;
				CLANG_WARN_CONSTANT_CONVERSION = YES;
				CLANG_WARN_DIRECT_OBJC_ISA_USAGE = YES_ERROR;
				CLANG_WARN_EMPTY_BODY = YES;
				CLANG_WARN_ENUM_CONVERSION = YES;
				CLANG_WARN_INT_CONVERSION = YES;
				CLANG_WARN_OBJC_ROOT_CLASS = YES_ERROR;
				CLANG_WARN_UNREACHABLE_CODE = YES;
				CLANG_WARN__DUPLICATE_METHOD_MATCH = YES;
				"CODE_SIGN_IDENTITY[sdk=iphoneos*]" = "iPhone Developer";
				COPY_PHASE_STRIP = NO;
				DEBUG_INFORMATION_FORMAT = dwarf;
				ENABLE_STRICT_OBJC_MSGSEND = YES;
				ENABLE_TESTABILITY = YES;
				GCC_C_LANGUAGE_STANDARD = gnu99;
				GCC_DYNAMIC_NO_PIC = NO;
				GCC_NO_COMMON_BLOCKS = YES;
				GCC_OPTIMIZATION_LEVEL = 0;
				GCC_PREPROCESSOR_DEFINITIONS = (
					"DEBUG=1",
					"$(inherited)",
				);
				GCC_WARN_64_TO_32_BIT_CONVERSION = YES;
				GCC_WARN_ABOUT_RETURN_TYPE = YES_ERROR;
				GCC_WARN_UNDECLARED_SELECTOR = YES;
				GCC_WARN_UNINITIALIZED_AUTOS = YES_AGGRESSIVE;
				GCC_WARN_UNUSED_FUNCTION = YES;
				GCC_WARN_UNUSED_VARIABLE = YES;
				IPHONEOS_DEPLOYMENT_TARGET = 9.2;
				MTL_ENABLE_DEBUG_INFO = YES;
				ONLY_ACTIVE_ARCH = YES;
				SDKROOT = iphoneos;
				SWIFT_OPTIMIZATION_LEVEL = "-Onone";
				TARGETED_DEVICE_FAMILY = "1,2";
			};
			name = Debug;
		};
		D27FA9FC1C77E2FB00E4BB38 /* Release */ = {
			isa = XCBuildConfiguration;
			buildSettings = {
				ALWAYS_SEARCH_USER_PATHS = NO;
				CLANG_CXX_LANGUAGE_STANDARD = "gnu++0x";
				CLANG_CXX_LIBRARY = "libc++";
				CLANG_ENABLE_MODULES = YES;
				CLANG_ENABLE_OBJC_ARC = YES;
				CLANG_WARN_BOOL_CONVERSION = YES;
				CLANG_WARN_CONSTANT_CONVERSION = YES;
				CLANG_WARN_DIRECT_OBJC_ISA_USAGE = YES_ERROR;
				CLANG_WARN_EMPTY_BODY = YES;
				CLANG_WARN_ENUM_CONVERSION = YES;
				CLANG_WARN_INT_CONVERSION = YES;
				CLANG_WARN_OBJC_ROOT_CLASS = YES_ERROR;
				CLANG_WARN_UNREACHABLE_CODE = YES;
				CLANG_WARN__DUPLICATE_METHOD_MATCH = YES;
				"CODE_SIGN_IDENTITY[sdk=iphoneos*]" = "iPhone Developer";
				COPY_PHASE_STRIP = NO;
				DEBUG_INFORMATION_FORMAT = "dwarf-with-dsym";
				ENABLE_NS_ASSERTIONS = NO;
				ENABLE_STRICT_OBJC_MSGSEND = YES;
				GCC_C_LANGUAGE_STANDARD = gnu99;
				GCC_NO_COMMON_BLOCKS = YES;
				GCC_WARN_64_TO_32_BIT_CONVERSION = YES;
				GCC_WARN_ABOUT_RETURN_TYPE = YES_ERROR;
				GCC_WARN_UNDECLARED_SELECTOR = YES;
				GCC_WARN_UNINITIALIZED_AUTOS = YES_AGGRESSIVE;
				GCC_WARN_UNUSED_FUNCTION = YES;
				GCC_WARN_UNUSED_VARIABLE = YES;
				IPHONEOS_DEPLOYMENT_TARGET = 9.2;
				MTL_ENABLE_DEBUG_INFO = NO;
				SDKROOT = iphoneos;
				TARGETED_DEVICE_FAMILY = "1,2";
				VALIDATE_PRODUCT = YES;
			};
			name = Release;
		};
		D27FA9FE1C77E2FB00E4BB38 /* Debug */ = {
			isa = XCBuildConfiguration;
			buildSettings = {
				ASSETCATALOG_COMPILER_APPICON_NAME = AppIcon;
				INFOPLIST_FILE = "To-Do-List/Info.plist";
				LD_RUNPATH_SEARCH_PATHS = "$(inherited) @executable_path/Frameworks";
				PRODUCT_BUNDLE_IDENTIFIER = "com.jeffreyliu.To-Do-List";
				PRODUCT_NAME = "$(TARGET_NAME)";
			};
			name = Debug;
		};
		D27FA9FF1C77E2FB00E4BB38 /* Release */ = {
			isa = XCBuildConfiguration;
			buildSettings = {
				ASSETCATALOG_COMPILER_APPICON_NAME = AppIcon;
				INFOPLIST_FILE = "To-Do-List/Info.plist";
				LD_RUNPATH_SEARCH_PATHS = "$(inherited) @executable_path/Frameworks";
				PRODUCT_BUNDLE_IDENTIFIER = "com.jeffreyliu.To-Do-List";
				PRODUCT_NAME = "$(TARGET_NAME)";
			};
			name = Release;
		};
		D27FAA011C77E2FB00E4BB38 /* Debug */ = {
			isa = XCBuildConfiguration;
			buildSettings = {
				BUNDLE_LOADER = "$(TEST_HOST)";
				INFOPLIST_FILE = "To-Do-ListTests/Info.plist";
				LD_RUNPATH_SEARCH_PATHS = "$(inherited) @executable_path/Frameworks @loader_path/Frameworks";
				PRODUCT_BUNDLE_IDENTIFIER = "com.jeffreyliu.To-Do-ListTests";
				PRODUCT_NAME = "$(TARGET_NAME)";
				TEST_HOST = "$(BUILT_PRODUCTS_DIR)/To-Do-List.app/To-Do-List";
			};
			name = Debug;
		};
		D27FAA021C77E2FB00E4BB38 /* Release */ = {
			isa = XCBuildConfiguration;
			buildSettings = {
				BUNDLE_LOADER = "$(TEST_HOST)";
				INFOPLIST_FILE = "To-Do-ListTests/Info.plist";
				LD_RUNPATH_SEARCH_PATHS = "$(inherited) @executable_path/Frameworks @loader_path/Frameworks";
				PRODUCT_BUNDLE_IDENTIFIER = "com.jeffreyliu.To-Do-ListTests";
				PRODUCT_NAME = "$(TARGET_NAME)";
				TEST_HOST = "$(BUILT_PRODUCTS_DIR)/To-Do-List.app/To-Do-List";
			};
			name = Release;
		};
		D27FAA041C77E2FB00E4BB38 /* Debug */ = {
			isa = XCBuildConfiguration;
			buildSettings = {
				INFOPLIST_FILE = "To-Do-ListUITests/Info.plist";
				LD_RUNPATH_SEARCH_PATHS = "$(inherited) @executable_path/Frameworks @loader_path/Frameworks";
				PRODUCT_BUNDLE_IDENTIFIER = "com.jeffreyliu.To-Do-ListUITests";
				PRODUCT_NAME = "$(TARGET_NAME)";
				TEST_TARGET_NAME = "To-Do-List";
				USES_XCTRUNNER = YES;
			};
			name = Debug;
		};
		D27FAA051C77E2FB00E4BB38 /* Release */ = {
			isa = XCBuildConfiguration;
			buildSettings = {
				INFOPLIST_FILE = "To-Do-ListUITests/Info.plist";
				LD_RUNPATH_SEARCH_PATHS = "$(inherited) @executable_path/Frameworks @loader_path/Frameworks";
				PRODUCT_BUNDLE_IDENTIFIER = "com.jeffreyliu.To-Do-ListUITests";
				PRODUCT_NAME = "$(TARGET_NAME)";
				TEST_TARGET_NAME = "To-Do-List";
				USES_XCTRUNNER = YES;
			};
			name = Release;
		};
/* End XCBuildConfiguration section */

/* Begin XCConfigurationList section */
		D27FA9D01C77E2FA00E4BB38 /* Build configuration list for PBXProject "To-Do-List" */ = {
			isa = XCConfigurationList;
			buildConfigurations = (
				D27FA9FB1C77E2FB00E4BB38 /* Debug */,
				D27FA9FC1C77E2FB00E4BB38 /* Release */,
			);
			defaultConfigurationIsVisible = 0;
			defaultConfigurationName = Release;
		};
		D27FA9FD1C77E2FB00E4BB38 /* Build configuration list for PBXNativeTarget "To-Do-List" */ = {
			isa = XCConfigurationList;
			buildConfigurations = (
				D27FA9FE1C77E2FB00E4BB38 /* Debug */,
				D27FA9FF1C77E2FB00E4BB38 /* Release */,
			);
			defaultConfigurationIsVisible = 0;
		};
		D27FAA001C77E2FB00E4BB38 /* Build configuration list for PBXNativeTarget "To-Do-ListTests" */ = {
			isa = XCConfigurationList;
			buildConfigurations = (
				D27FAA011C77E2FB00E4BB38 /* Debug */,
				D27FAA021C77E2FB00E4BB38 /* Release */,
			);
			defaultConfigurationIsVisible = 0;
		};
		D27FAA031C77E2FB00E4BB38 /* Build configuration list for PBXNativeTarget "To-Do-ListUITests" */ = {
			isa = XCConfigurationList;
			buildConfigurations = (
				D27FAA041C77E2FB00E4BB38 /* Debug */,
				D27FAA051C77E2FB00E4BB38 /* Release */,
			);
			defaultConfigurationIsVisible = 0;
		};
/* End XCConfigurationList section */
	};
	rootObject = D27FA9CD1C77E2FA00E4BB38 /* Project object */;
}
